// !$*UTF8*$!
{
	archiveVersion = 1;
	classes = {
	};
	objectVersion = 46;
	objects = {

/* Begin PBXBuildFile section */
		146D10071BC89A4E00AE7A00 /* AppDelegate.swift in Sources */ = {isa = PBXBuildFile; fileRef = 146D10061BC89A4E00AE7A00 /* AppDelegate.swift */; };
		146D10091BC89A4E00AE7A00 /* ViewController.swift in Sources */ = {isa = PBXBuildFile; fileRef = 146D10081BC89A4E00AE7A00 /* ViewController.swift */; };
		146D100C1BC89A4E00AE7A00 /* Main.storyboard in Resources */ = {isa = PBXBuildFile; fileRef = 146D100A1BC89A4E00AE7A00 /* Main.storyboard */; };
		146D100E1BC89A4E00AE7A00 /* Assets.xcassets in Resources */ = {isa = PBXBuildFile; fileRef = 146D100D1BC89A4E00AE7A00 /* Assets.xcassets */; };
		146D10111BC89A4E00AE7A00 /* LaunchScreen.storyboard in Resources */ = {isa = PBXBuildFile; fileRef = 146D100F1BC89A4E00AE7A00 /* LaunchScreen.storyboard */; };
		146D101C1BC89A4E00AE7A00 /* Splitter1_0Tests.swift in Sources */ = {isa = PBXBuildFile; fileRef = 146D101B1BC89A4E00AE7A00 /* Splitter1_0Tests.swift */; };
/* End PBXBuildFile section */

/* Begin PBXContainerItemProxy section */
		146D10181BC89A4E00AE7A00 /* PBXContainerItemProxy */ = {
			isa = PBXContainerItemProxy;
			containerPortal = 146D0FFB1BC89A4E00AE7A00 /* Project object */;
			proxyType = 1;
			remoteGlobalIDString = 146D10021BC89A4E00AE7A00;
			remoteInfo = Splitter1.0;
		};
/* End PBXContainerItemProxy section */

/* Begin PBXFileReference section */
		146D10031BC89A4E00AE7A00 /* Splitter1.0.app */ = {isa = PBXFileReference; explicitFileType = wrapper.application; includeInIndex = 0; path = Splitter1.0.app; sourceTree = BUILT_PRODUCTS_DIR; };
		146D10061BC89A4E00AE7A00 /* AppDelegate.swift */ = {isa = PBXFileReference; lastKnownFileType = sourcecode.swift; path = AppDelegate.swift; sourceTree = "<group>"; };
		146D10081BC89A4E00AE7A00 /* ViewController.swift */ = {isa = PBXFileReference; lastKnownFileType = sourcecode.swift; path = ViewController.swift; sourceTree = "<group>"; };
		146D100B1BC89A4E00AE7A00 /* Base */ = {isa = PBXFileReference; lastKnownFileType = file.storyboard; name = Base; path = Base.lproj/Main.storyboard; sourceTree = "<group>"; };
		146D100D1BC89A4E00AE7A00 /* Assets.xcassets */ = {isa = PBXFileReference; lastKnownFileType = folder.assetcatalog; path = Assets.xcassets; sourceTree = "<group>"; };
		146D10101BC89A4E00AE7A00 /* Base */ = {isa = PBXFileReference; lastKnownFileType = file.storyboard; name = Base; path = Base.lproj/LaunchScreen.storyboard; sourceTree = "<group>"; };
		146D10121BC89A4E00AE7A00 /* Info.plist */ = {isa = PBXFileReference; lastKnownFileType = text.plist.xml; path = Info.plist; sourceTree = "<group>"; };
		146D10171BC89A4E00AE7A00 /* Splitter1.0Tests.xctest */ = {isa = PBXFileReference; explicitFileType = wrapper.cfbundle; includeInIndex = 0; path = Splitter1.0Tests.xctest; sourceTree = BUILT_PRODUCTS_DIR; };
		146D101B1BC89A4E00AE7A00 /* Splitter1_0Tests.swift */ = {isa = PBXFileReference; lastKnownFileType = sourcecode.swift; path = Splitter1_0Tests.swift; sourceTree = "<group>"; };
		146D101D1BC89A4E00AE7A00 /* Info.plist */ = {isa = PBXFileReference; lastKnownFileType = text.plist.xml; path = Info.plist; sourceTree = "<group>"; };
/* End PBXFileReference section */

/* Begin PBXFrameworksBuildPhase section */
		146D10001BC89A4E00AE7A00 /* Frameworks */ = {
			isa = PBXFrameworksBuildPhase;
			buildActionMask = 2147483647;
			files = (
			);
			runOnlyForDeploymentPostprocessing = 0;
		};
		146D10141BC89A4E00AE7A00 /* Frameworks */ = {
			isa = PBXFrameworksBuildPhase;
			buildActionMask = 2147483647;
			files = (
			);
			runOnlyForDeploymentPostprocessing = 0;
		};
/* End PBXFrameworksBuildPhase section */

/* Begin PBXGroup section */
		146D0FFA1BC89A4E00AE7A00 = {
			isa = PBXGroup;
			children = (
				146D10051BC89A4E00AE7A00 /* Splitter1.0 */,
				146D101A1BC89A4E00AE7A00 /* Splitter1.0Tests */,
				146D10041BC89A4E00AE7A00 /* Products */,
			);
			sourceTree = "<group>";
		};
		146D10041BC89A4E00AE7A00 /* Products */ = {
			isa = PBXGroup;
			children = (
				146D10031BC89A4E00AE7A00 /* Splitter1.0.app */,
				146D10171BC89A4E00AE7A00 /* Splitter1.0Tests.xctest */,
			);
			name = Products;
			sourceTree = "<group>";
		};
		146D10051BC89A4E00AE7A00 /* Splitter1.0 */ = {
			isa = PBXGroup;
			children = (
				146D10061BC89A4E00AE7A00 /* AppDelegate.swift */,
				146D10081BC89A4E00AE7A00 /* ViewController.swift */,
				146D100A1BC89A4E00AE7A00 /* Main.storyboard */,
				146D100D1BC89A4E00AE7A00 /* Assets.xcassets */,
				146D100F1BC89A4E00AE7A00 /* LaunchScreen.storyboard */,
				146D10121BC89A4E00AE7A00 /* Info.plist */,
			);
			path = Splitter1.0;
			sourceTree = "<group>";
		};
		146D101A1BC89A4E00AE7A00 /* Splitter1.0Tests */ = {
			isa = PBXGroup;
			children = (
				146D101B1BC89A4E00AE7A00 /* Splitter1_0Tests.swift */,
				146D101D1BC89A4E00AE7A00 /* Info.plist */,
			);
			path = Splitter1.0Tests;
			sourceTree = "<group>";
		};
/* End PBXGroup section */

/* Begin PBXNativeTarget section */
		146D10021BC89A4E00AE7A00 /* Splitter1.0 */ = {
			isa = PBXNativeTarget;
			buildConfigurationList = 146D10201BC89A4E00AE7A00 /* Build configuration list for PBXNativeTarget "Splitter1.0" */;
			buildPhases = (
				146D0FFF1BC89A4E00AE7A00 /* Sources */,
				146D10001BC89A4E00AE7A00 /* Frameworks */,
				146D10011BC89A4E00AE7A00 /* Resources */,
			);
			buildRules = (
			);
			dependencies = (
			);
			name = Splitter1.0;
			productName = Splitter1.0;
			productReference = 146D10031BC89A4E00AE7A00 /* Splitter1.0.app */;
			productType = "com.apple.product-type.application";
		};
		146D10161BC89A4E00AE7A00 /* Splitter1.0Tests */ = {
			isa = PBXNativeTarget;
			buildConfigurationList = 146D10231BC89A4E00AE7A00 /* Build configuration list for PBXNativeTarget "Splitter1.0Tests" */;
			buildPhases = (
				146D10131BC89A4E00AE7A00 /* Sources */,
				146D10141BC89A4E00AE7A00 /* Frameworks */,
				146D10151BC89A4E00AE7A00 /* Resources */,
			);
			buildRules = (
			);
			dependencies = (
				146D10191BC89A4E00AE7A00 /* PBXTargetDependency */,
			);
			name = Splitter1.0Tests;
			productName = Splitter1.0Tests;
			productReference = 146D10171BC89A4E00AE7A00 /* Splitter1.0Tests.xctest */;
			productType = "com.apple.product-type.bundle.unit-test";
		};
/* End PBXNativeTarget section */

/* Begin PBXProject section */
		146D0FFB1BC89A4E00AE7A00 /* Project object */ = {
			isa = PBXProject;
			attributes = {
				LastUpgradeCheck = 0700;
				ORGANIZATIONNAME = "Sean Hu";
				TargetAttributes = {
					146D10021BC89A4E00AE7A00 = {
						CreatedOnToolsVersion = 7.0.1;
					};
					146D10161BC89A4E00AE7A00 = {
						CreatedOnToolsVersion = 7.0.1;
						TestTargetID = 146D10021BC89A4E00AE7A00;
					};
				};
			};
			buildConfigurationList = 146D0FFE1BC89A4E00AE7A00 /* Build configuration list for PBXProject "Splitter1.0" */;
			compatibilityVersion = "Xcode 3.2";
			developmentRegion = English;
			hasScannedForEncodings = 0;
			knownRegions = (
				en,
				Base,
			);
			mainGroup = 146D0FFA1BC89A4E00AE7A00;
			productRefGroup = 146D10041BC89A4E00AE7A00 /* Products */;
			projectDirPath = "";
			projectRoot = "";
			targets = (
				146D10021BC89A4E00AE7A00 /* Splitter1.0 */,
				146D10161BC89A4E00AE7A00 /* Splitter1.0Tests */,
			);
		};
/* End PBXProject section */

/* Begin PBXResourcesBuildPhase section */
		146D10011BC89A4E00AE7A00 /* Resources */ = {
			isa = PBXResourcesBuildPhase;
			buildActionMask = 2147483647;
			files = (
				146D10111BC89A4E00AE7A00 /* LaunchScreen.storyboard in Resources */,
				146D100E1BC89A4E00AE7A00 /* Assets.xcassets in Resources */,
				146D100C1BC89A4E00AE7A00 /* Main.storyboard in Resources */,
			);
			runOnlyForDeploymentPostprocessing = 0;
		};
		146D10151BC89A4E00AE7A00 /* Resources */ = {
			isa = PBXResourcesBuildPhase;
			buildActionMask = 2147483647;
			files = (
			);
			runOnlyForDeploymentPostprocessing = 0;
		};
/* End PBXResourcesBuildPhase section */

/* Begin PBXSourcesBuildPhase section */
		146D0FFF1BC89A4E00AE7A00 /* Sources */ = {
			isa = PBXSourcesBuildPhase;
			buildActionMask = 2147483647;
			files = (
				146D10091BC89A4E00AE7A00 /* ViewController.swift in Sources */,
				146D10071BC89A4E00AE7A00 /* AppDelegate.swift in Sources */,
			);
			runOnlyForDeploymentPostprocessing = 0;
		};
		146D10131BC89A4E00AE7A00 /* Sources */ = {
			isa = PBXSourcesBuildPhase;
			buildActionMask = 2147483647;
			files = (
				146D101C1BC89A4E00AE7A00 /* Splitter1_0Tests.swift in Sources */,
			);
			runOnlyForDeploymentPostprocessing = 0;
		};
/* End PBXSourcesBuildPhase section */

/* Begin PBXTargetDependency section */
		146D10191BC89A4E00AE7A00 /* PBXTargetDependency */ = {
			isa = PBXTargetDependency;
			target = 146D10021BC89A4E00AE7A00 /* Splitter1.0 */;
			targetProxy = 146D10181BC89A4E00AE7A00 /* PBXContainerItemProxy */;
		};
/* End PBXTargetDependency section */

/* Begin PBXVariantGroup section */
		146D100A1BC89A4E00AE7A00 /* Main.storyboard */ = {
			isa = PBXVariantGroup;
			children = (
				146D100B1BC89A4E00AE7A00 /* Base */,
			);
			name = Main.storyboard;
			sourceTree = "<group>";
		};
		146D100F1BC89A4E00AE7A00 /* LaunchScreen.storyboard */ = {
			isa = PBXVariantGroup;
			children = (
				146D10101BC89A4E00AE7A00 /* Base */,
			);
			name = LaunchScreen.storyboard;
			sourceTree = "<group>";
		};
/* End PBXVariantGroup section */

/* Begin XCBuildConfiguration section */
		146D101E1BC89A4E00AE7A00 /* Debug */ = {
			isa = XCBuildConfiguration;
			buildSettings = {
				ALWAYS_SEARCH_USER_PATHS = NO;
				CLANG_CXX_LANGUAGE_STANDARD = "gnu++0x";
				CLANG_CXX_LIBRARY = "libc++";
				CLANG_ENABLE_MODULES = YES;
				CLANG_ENABLE_OBJC_ARC = YES;
				CLANG_WARN_BOOL_CONVERSION = YES;
				CLANG_WARN_CONSTANT_CONVERSION = YES;
				CLANG_WARN_DIRECT_OBJC_ISA_USAGE = YES_ERROR;
				CLANG_WARN_EMPTY_BODY = YES;
				CLANG_WARN_ENUM_CONVERSION = YES;
				CLANG_WARN_INT_CONVERSION = YES;
				CLANG_WARN_OBJC_ROOT_CLASS = YES_ERROR;
				CLANG_WARN_UNREACHABLE_CODE = YES;
				CLANG_WARN__DUPLICATE_METHOD_MATCH = YES;
				"CODE_SIGN_IDENTITY[sdk=iphoneos*]" = "iPhone Developer";
				COPY_PHASE_STRIP = NO;
				DEBUG_INFORMATION_FORMAT = dwarf;
				ENABLE_STRICT_OBJC_MSGSEND = YES;
				ENABLE_TESTABILITY = YES;
				GCC_C_LANGUAGE_STANDARD = gnu99;
				GCC_DYNAMIC_NO_PIC = NO;
				GCC_NO_COMMON_BLOCKS = YES;
				GCC_OPTIMIZATION_LEVEL = 0;
				GCC_PREPROCESSOR_DEFINITIONS = (
					"DEBUG=1",
					"$(inherited)",
				);
				GCC_WARN_64_TO_32_BIT_CONVERSION = YES;
				GCC_WARN_ABOUT_RETURN_TYPE = YES_ERROR;
				GCC_WARN_UNDECLARED_SELECTOR = YES;
				GCC_WARN_UNINITIALIZED_AUTOS = YES_AGGRESSIVE;
				GCC_WARN_UNUSED_FUNCTION = YES;
				GCC_WARN_UNUSED_VARIABLE = YES;
				IPHONEOS_DEPLOYMENT_TARGET = 9.0;
				MTL_ENABLE_DEBUG_INFO = YES;
				ONLY_ACTIVE_ARCH = YES;
				SDKROOT = iphoneos;
				SWIFT_OPTIMIZATION_LEVEL = "-Onone";
				TARGETED_DEVICE_FAMILY = "1,2";
			};
			name = Debug;
		};
		146D101F1BC89A4E00AE7A00 /* Release */ = {
			isa = XCBuildConfiguration;
			buildSettings = {
				ALWAYS_SEARCH_USER_PATHS = NO;
				CLANG_CXX_LANGUAGE_STANDARD = "gnu++0x";
				CLANG_CXX_LIBRARY = "libc++";
				CLANG_ENABLE_MODULES = YES;
				CLANG_ENABLE_OBJC_ARC = YES;
				CLANG_WARN_BOOL_CONVERSION = YES;
				CLANG_WARN_CONSTANT_CONVERSION = YES;
				CLANG_WARN_DIRECT_OBJC_ISA_USAGE = YES_ERROR;
				CLANG_WARN_EMPTY_BODY = YES;
				CLANG_WARN_ENUM_CONVERSION = YES;
				CLANG_WARN_INT_CONVERSION = YES;
				CLANG_WARN_OBJC_ROOT_CLASS = YES_ERROR;
				CLANG_WARN_UNREACHABLE_CODE = YES;
				CLANG_WARN__DUPLICATE_METHOD_MATCH = YES;
				"CODE_SIGN_IDENTITY[sdk=iphoneos*]" = "iPhone Developer";
				COPY_PHASE_STRIP = NO;
				DEBUG_INFORMATION_FORMAT = "dwarf-with-dsym";
				ENABLE_NS_ASSERTIONS = NO;
				ENABLE_STRICT_OBJC_MSGSEND = YES;
				GCC_C_LANGUAGE_STANDARD = gnu99;
				GCC_NO_COMMON_BLOCKS = YES;
				GCC_WARN_64_TO_32_BIT_CONVERSION = YES;
				GCC_WARN_ABOUT_RETURN_TYPE = YES_ERROR;
				GCC_WARN_UNDECLARED_SELECTOR = YES;
				GCC_WARN_UNINITIALIZED_AUTOS = YES_AGGRESSIVE;
				GCC_WARN_UNUSED_FUNCTION = YES;
				GCC_WARN_UNUSED_VARIABLE = YES;
				IPHONEOS_DEPLOYMENT_TARGET = 9.0;
				MTL_ENABLE_DEBUG_INFO = NO;
				SDKROOT = iphoneos;
				TARGETED_DEVICE_FAMILY = "1,2";
				VALIDATE_PRODUCT = YES;
			};
			name = Release;
		};
		146D10211BC89A4E00AE7A00 /* Debug */ = {
			isa = XCBuildConfiguration;
			buildSettings = {
				ASSETCATALOG_COMPILER_APPICON_NAME = AppIcon;
				INFOPLIST_FILE = Splitter1.0/Info.plist;
				LD_RUNPATH_SEARCH_PATHS = "$(inherited) @executable_path/Frameworks";
				PRODUCT_BUNDLE_IDENTIFIER = "Splitter.Splitter1-0";
				PRODUCT_NAME = "$(TARGET_NAME)";
			};
			name = Debug;
		};
		146D10221BC89A4E00AE7A00 /* Release */ = {
			isa = XCBuildConfiguration;
			buildSettings = {
				ASSETCATALOG_COMPILER_APPICON_NAME = AppIcon;
				INFOPLIST_FILE = Splitter1.0/Info.plist;
				LD_RUNPATH_SEARCH_PATHS = "$(inherited) @executable_path/Frameworks";
				PRODUCT_BUNDLE_IDENTIFIER = "Splitter.Splitter1-0";
				PRODUCT_NAME = "$(TARGET_NAME)";
			};
			name = Release;
		};
		146D10241BC89A4E00AE7A00 /* Debug */ = {
			isa = XCBuildConfiguration;
			buildSettings = {
				BUNDLE_LOADER = "$(TEST_HOST)";
				INFOPLIST_FILE = Splitter1.0Tests/Info.plist;
				LD_RUNPATH_SEARCH_PATHS = "$(inherited) @executable_path/Frameworks @loader_path/Frameworks";
				PRODUCT_BUNDLE_IDENTIFIER = "Splitter.Splitter1-0Tests";
				PRODUCT_NAME = "$(TARGET_NAME)";
				TEST_HOST = "$(BUILT_PRODUCTS_DIR)/Splitter1.0.app/Splitter1.0";
			};
			name = Debug;
		};
		146D10251BC89A4E00AE7A00 /* Release */ = {
			isa = XCBuildConfiguration;
			buildSettings = {
				BUNDLE_LOADER = "$(TEST_HOST)";
				INFOPLIST_FILE = Splitter1.0Tests/Info.plist;
				LD_RUNPATH_SEARCH_PATHS = "$(inherited) @executable_path/Frameworks @loader_path/Frameworks";
				PRODUCT_BUNDLE_IDENTIFIER = "Splitter.Splitter1-0Tests";
				PRODUCT_NAME = "$(TARGET_NAME)";
				TEST_HOST = "$(BUILT_PRODUCTS_DIR)/Splitter1.0.app/Splitter1.0";
			};
			name = Release;
		};
/* End XCBuildConfiguration section */

/* Begin XCConfigurationList section */
		146D0FFE1BC89A4E00AE7A00 /* Build configuration list for PBXProject "Splitter1.0" */ = {
			isa = XCConfigurationList;
			buildConfigurations = (
				146D101E1BC89A4E00AE7A00 /* Debug */,
				146D101F1BC89A4E00AE7A00 /* Release */,
			);
			defaultConfigurationIsVisible = 0;
			defaultConfigurationName = Release;
		};
		146D10201BC89A4E00AE7A00 /* Build configuration list for PBXNativeTarget "Splitter1.0" */ = {
			isa = XCConfigurationList;
			buildConfigurations = (
				146D10211BC89A4E00AE7A00 /* Debug */,
				146D10221BC89A4E00AE7A00 /* Release */,
			);
			defaultConfigurationIsVisible = 0;
		};
		146D10231BC89A4E00AE7A00 /* Build configuration list for PBXNativeTarget "Splitter1.0Tests" */ = {
			isa = XCConfigurationList;
			buildConfigurations = (
				146D10241BC89A4E00AE7A00 /* Debug */,
				146D10251BC89A4E00AE7A00 /* Release */,
			);
			defaultConfigurationIsVisible = 0;
		};
/* End XCConfigurationList section */
	};
	rootObject = 146D0FFB1BC89A4E00AE7A00 /* Project object */;
}
